// !$*UTF8*$!
{
	archiveVersion = 1;
	classes = {
	};
	objectVersion = 56;
	objects = {

/* Begin PBXBuildFile section */
		BC96ACA12BF4E76B003C65C8 /* SwiftConcurrencyTutorialApp.swift in Sources */ = {isa = PBXBuildFile; fileRef = BC96ACA02BF4E76B003C65C8 /* SwiftConcurrencyTutorialApp.swift */; };
		BC96ACA32BF4E76B003C65C8 /* ContentView.swift in Sources */ = {isa = PBXBuildFile; fileRef = BC96ACA22BF4E76B003C65C8 /* ContentView.swift */; };
		BC96ACA52BF4E76C003C65C8 /* Assets.xcassets in Resources */ = {isa = PBXBuildFile; fileRef = BC96ACA42BF4E76C003C65C8 /* Assets.xcassets */; };
		BC96ACA82BF4E76C003C65C8 /* Preview Assets.xcassets in Resources */ = {isa = PBXBuildFile; fileRef = BC96ACA72BF4E76C003C65C8 /* Preview Assets.xcassets */; };
		BC96ACB12BF4E7AE003C65C8 /* DoCatchTry.swift in Sources */ = {isa = PBXBuildFile; fileRef = BC96ACB02BF4E7AE003C65C8 /* DoCatchTry.swift */; };
		BC96ACB62BF53D26003C65C8 /* AsyncImageDownload.swift in Sources */ = {isa = PBXBuildFile; fileRef = BC96ACB52BF53D26003C65C8 /* AsyncImageDownload.swift */; };
		BC96ACB92BF743EE003C65C8 /* LocalNotifications.swift in Sources */ = {isa = PBXBuildFile; fileRef = BC96ACB82BF743EE003C65C8 /* LocalNotifications.swift */; };
		BC96ACBB2BF744A4003C65C8 /* LongPressGesture.swift in Sources */ = {isa = PBXBuildFile; fileRef = BC96ACBA2BF744A4003C65C8 /* LongPressGesture.swift */; };
		BC96ACBD2BF748AE003C65C8 /* GeometryReader.swift in Sources */ = {isa = PBXBuildFile; fileRef = BC96ACBC2BF748AE003C65C8 /* GeometryReader.swift */; };
		BC96ACBF2BF75A2C003C65C8 /* Hashable.swift in Sources */ = {isa = PBXBuildFile; fileRef = BC96ACBE2BF75A2C003C65C8 /* Hashable.swift */; };
		BC96ACC12BF761C3003C65C8 /* SortFilterMap.swift in Sources */ = {isa = PBXBuildFile; fileRef = BC96ACC02BF761C3003C65C8 /* SortFilterMap.swift */; };
		BC96ACC32BF78B14003C65C8 /* WeakSelf.swift in Sources */ = {isa = PBXBuildFile; fileRef = BC96ACC22BF78B14003C65C8 /* WeakSelf.swift */; };
		BC96ACC52BF86D44003C65C8 /* AsyncAwait.swift in Sources */ = {isa = PBXBuildFile; fileRef = BC96ACC42BF86D44003C65C8 /* AsyncAwait.swift */; };
		BC96ACC72BF87409003C65C8 /* Tasks.swift in Sources */ = {isa = PBXBuildFile; fileRef = BC96ACC62BF87409003C65C8 /* Tasks.swift */; };
/* End PBXBuildFile section */

/* Begin PBXFileReference section */
		BC96AC9D2BF4E76B003C65C8 /* SwiftConcurrencyTutorial.app */ = {isa = PBXFileReference; explicitFileType = wrapper.application; includeInIndex = 0; path = SwiftConcurrencyTutorial.app; sourceTree = BUILT_PRODUCTS_DIR; };
		BC96ACA02BF4E76B003C65C8 /* SwiftConcurrencyTutorialApp.swift */ = {isa = PBXFileReference; lastKnownFileType = sourcecode.swift; path = SwiftConcurrencyTutorialApp.swift; sourceTree = "<group>"; };
		BC96ACA22BF4E76B003C65C8 /* ContentView.swift */ = {isa = PBXFileReference; lastKnownFileType = sourcecode.swift; path = ContentView.swift; sourceTree = "<group>"; };
		BC96ACA42BF4E76C003C65C8 /* Assets.xcassets */ = {isa = PBXFileReference; lastKnownFileType = folder.assetcatalog; path = Assets.xcassets; sourceTree = "<group>"; };
		BC96ACA72BF4E76C003C65C8 /* Preview Assets.xcassets */ = {isa = PBXFileReference; lastKnownFileType = folder.assetcatalog; path = "Preview Assets.xcassets"; sourceTree = "<group>"; };
		BC96ACB02BF4E7AE003C65C8 /* DoCatchTry.swift */ = {isa = PBXFileReference; lastKnownFileType = sourcecode.swift; path = DoCatchTry.swift; sourceTree = "<group>"; };
		BC96ACB52BF53D26003C65C8 /* AsyncImageDownload.swift */ = {isa = PBXFileReference; lastKnownFileType = sourcecode.swift; path = AsyncImageDownload.swift; sourceTree = "<group>"; };
		BC96ACB82BF743EE003C65C8 /* LocalNotifications.swift */ = {isa = PBXFileReference; lastKnownFileType = sourcecode.swift; path = LocalNotifications.swift; sourceTree = "<group>"; };
		BC96ACBA2BF744A4003C65C8 /* LongPressGesture.swift */ = {isa = PBXFileReference; lastKnownFileType = sourcecode.swift; path = LongPressGesture.swift; sourceTree = "<group>"; };
		BC96ACBC2BF748AE003C65C8 /* GeometryReader.swift */ = {isa = PBXFileReference; lastKnownFileType = sourcecode.swift; path = GeometryReader.swift; sourceTree = "<group>"; };
		BC96ACBE2BF75A2C003C65C8 /* Hashable.swift */ = {isa = PBXFileReference; lastKnownFileType = sourcecode.swift; path = Hashable.swift; sourceTree = "<group>"; };
		BC96ACC02BF761C3003C65C8 /* SortFilterMap.swift */ = {isa = PBXFileReference; lastKnownFileType = sourcecode.swift; path = SortFilterMap.swift; sourceTree = "<group>"; };
		BC96ACC22BF78B14003C65C8 /* WeakSelf.swift */ = {isa = PBXFileReference; lastKnownFileType = sourcecode.swift; path = WeakSelf.swift; sourceTree = "<group>"; };
		BC96ACC42BF86D44003C65C8 /* AsyncAwait.swift */ = {isa = PBXFileReference; lastKnownFileType = sourcecode.swift; path = AsyncAwait.swift; sourceTree = "<group>"; };
		BC96ACC62BF87409003C65C8 /* Tasks.swift */ = {isa = PBXFileReference; lastKnownFileType = sourcecode.swift; path = Tasks.swift; sourceTree = "<group>"; };
/* End PBXFileReference section */

/* Begin PBXFrameworksBuildPhase section */
		BC96AC9A2BF4E76B003C65C8 /* Frameworks */ = {
			isa = PBXFrameworksBuildPhase;
			buildActionMask = 2147483647;
			files = (
			);
			runOnlyForDeploymentPostprocessing = 0;
		};
/* End PBXFrameworksBuildPhase section */

/* Begin PBXGroup section */
		BC96AC942BF4E76B003C65C8 = {
			isa = PBXGroup;
			children = (
				BC96AC9F2BF4E76B003C65C8 /* SwiftConcurrencyTutorial */,
				BC96AC9E2BF4E76B003C65C8 /* Products */,
			);
			sourceTree = "<group>";
		};
		BC96AC9E2BF4E76B003C65C8 /* Products */ = {
			isa = PBXGroup;
			children = (
				BC96AC9D2BF4E76B003C65C8 /* SwiftConcurrencyTutorial.app */,
			);
			name = Products;
			sourceTree = "<group>";
		};
		BC96AC9F2BF4E76B003C65C8 /* SwiftConcurrencyTutorial */ = {
			isa = PBXGroup;
			children = (
				BC96ACB22BF4E7B5003C65C8 /* Root */,
				BC96ACB32BF4E7BD003C65C8 /* View */,
				BC96ACB42BF4E7C9003C65C8 /* Tutorials */,
				BC96ACB72BF743D9003C65C8 /* Extra */,
				BC96ACA42BF4E76C003C65C8 /* Assets.xcassets */,
				BC96ACA62BF4E76C003C65C8 /* Preview Content */,
			);
			path = SwiftConcurrencyTutorial;
			sourceTree = "<group>";
		};
		BC96ACA62BF4E76C003C65C8 /* Preview Content */ = {
			isa = PBXGroup;
			children = (
				BC96ACA72BF4E76C003C65C8 /* Preview Assets.xcassets */,
			);
			path = "Preview Content";
			sourceTree = "<group>";
		};
		BC96ACB22BF4E7B5003C65C8 /* Root */ = {
			isa = PBXGroup;
			children = (
				BC96ACA02BF4E76B003C65C8 /* SwiftConcurrencyTutorialApp.swift */,
			);
			path = Root;
			sourceTree = "<group>";
		};
		BC96ACB32BF4E7BD003C65C8 /* View */ = {
			isa = PBXGroup;
			children = (
				BC96ACA22BF4E76B003C65C8 /* ContentView.swift */,
			);
			path = View;
			sourceTree = "<group>";
		};
		BC96ACB42BF4E7C9003C65C8 /* Tutorials */ = {
			isa = PBXGroup;
			children = (
				BC96ACB02BF4E7AE003C65C8 /* DoCatchTry.swift */,
				BC96ACB52BF53D26003C65C8 /* AsyncImageDownload.swift */,
				BC96ACC42BF86D44003C65C8 /* AsyncAwait.swift */,
				BC96ACC62BF87409003C65C8 /* Tasks.swift */,
			);
			path = Tutorials;
			sourceTree = "<group>";
		};
		BC96ACB72BF743D9003C65C8 /* Extra */ = {
			isa = PBXGroup;
			children = (
				BC96ACBA2BF744A4003C65C8 /* LongPressGesture.swift */,
				BC96ACB82BF743EE003C65C8 /* LocalNotifications.swift */,
				BC96ACBC2BF748AE003C65C8 /* GeometryReader.swift */,
				BC96ACBE2BF75A2C003C65C8 /* Hashable.swift */,
				BC96ACC02BF761C3003C65C8 /* SortFilterMap.swift */,
				BC96ACC22BF78B14003C65C8 /* WeakSelf.swift */,
			);
			path = Extra;
			sourceTree = "<group>";
		};
/* End PBXGroup section */

/* Begin PBXNativeTarget section */
		BC96AC9C2BF4E76B003C65C8 /* SwiftConcurrencyTutorial */ = {
			isa = PBXNativeTarget;
			buildConfigurationList = BC96ACAB2BF4E76C003C65C8 /* Build configuration list for PBXNativeTarget "SwiftConcurrencyTutorial" */;
			buildPhases = (
				BC96AC992BF4E76B003C65C8 /* Sources */,
				BC96AC9A2BF4E76B003C65C8 /* Frameworks */,
				BC96AC9B2BF4E76B003C65C8 /* Resources */,
			);
			buildRules = (
			);
			dependencies = (
			);
			name = SwiftConcurrencyTutorial;
			productName = SwiftConcurrencyTutorial;
			productReference = BC96AC9D2BF4E76B003C65C8 /* SwiftConcurrencyTutorial.app */;
			productType = "com.apple.product-type.application";
		};
/* End PBXNativeTarget section */

/* Begin PBXProject section */
		BC96AC952BF4E76B003C65C8 /* Project object */ = {
			isa = PBXProject;
			attributes = {
				BuildIndependentTargetsInParallel = 1;
				LastSwiftUpdateCheck = 1510;
				LastUpgradeCheck = 1510;
				TargetAttributes = {
					BC96AC9C2BF4E76B003C65C8 = {
						CreatedOnToolsVersion = 15.1;
					};
				};
			};
			buildConfigurationList = BC96AC982BF4E76B003C65C8 /* Build configuration list for PBXProject "SwiftConcurrencyTutorial" */;
			compatibilityVersion = "Xcode 14.0";
			developmentRegion = en;
			hasScannedForEncodings = 0;
			knownRegions = (
				en,
				Base,
			);
			mainGroup = BC96AC942BF4E76B003C65C8;
			productRefGroup = BC96AC9E2BF4E76B003C65C8 /* Products */;
			projectDirPath = "";
			projectRoot = "";
			targets = (
				BC96AC9C2BF4E76B003C65C8 /* SwiftConcurrencyTutorial */,
			);
		};
/* End PBXProject section */

/* Begin PBXResourcesBuildPhase section */
		BC96AC9B2BF4E76B003C65C8 /* Resources */ = {
			isa = PBXResourcesBuildPhase;
			buildActionMask = 2147483647;
			files = (
				BC96ACA82BF4E76C003C65C8 /* Preview Assets.xcassets in Resources */,
				BC96ACA52BF4E76C003C65C8 /* Assets.xcassets in Resources */,
			);
			runOnlyForDeploymentPostprocessing = 0;
		};
/* End PBXResourcesBuildPhase section */

/* Begin PBXSourcesBuildPhase section */
		BC96AC992BF4E76B003C65C8 /* Sources */ = {
			isa = PBXSourcesBuildPhase;
			buildActionMask = 2147483647;
			files = (
				BC96ACBD2BF748AE003C65C8 /* GeometryReader.swift in Sources */,
				BC96ACC52BF86D44003C65C8 /* AsyncAwait.swift in Sources */,
				BC96ACBF2BF75A2C003C65C8 /* Hashable.swift in Sources */,
				BC96ACB62BF53D26003C65C8 /* AsyncImageDownload.swift in Sources */,
				BC96ACC72BF87409003C65C8 /* Tasks.swift in Sources */,
				BC96ACB12BF4E7AE003C65C8 /* DoCatchTry.swift in Sources */,
				BC96ACC12BF761C3003C65C8 /* SortFilterMap.swift in Sources */,
				BC96ACA32BF4E76B003C65C8 /* ContentView.swift in Sources */,
				BC96ACB92BF743EE003C65C8 /* LocalNotifications.swift in Sources */,
				BC96ACA12BF4E76B003C65C8 /* SwiftConcurrencyTutorialApp.swift in Sources */,
				BC96ACBB2BF744A4003C65C8 /* LongPressGesture.swift in Sources */,
				BC96ACC32BF78B14003C65C8 /* WeakSelf.swift in Sources */,
			);
			runOnlyForDeploymentPostprocessing = 0;
		};
/* End PBXSourcesBuildPhase section */

/* Begin XCBuildConfiguration section */
		BC96ACA92BF4E76C003C65C8 /* Debug */ = {
			isa = XCBuildConfiguration;
			buildSettings = {
				ALWAYS_SEARCH_USER_PATHS = NO;
				ASSETCATALOG_COMPILER_GENERATE_SWIFT_ASSET_SYMBOL_EXTENSIONS = YES;
				CLANG_ANALYZER_NONNULL = YES;
				CLANG_ANALYZER_NUMBER_OBJECT_CONVERSION = YES_AGGRESSIVE;
				CLANG_CXX_LANGUAGE_STANDARD = "gnu++20";
				CLANG_ENABLE_MODULES = YES;
				CLANG_ENABLE_OBJC_ARC = YES;
				CLANG_ENABLE_OBJC_WEAK = YES;
				CLANG_WARN_BLOCK_CAPTURE_AUTORELEASING = YES;
				CLANG_WARN_BOOL_CONVERSION = YES;
				CLANG_WARN_COMMA = YES;
				CLANG_WARN_CONSTANT_CONVERSION = YES;
				CLANG_WARN_DEPRECATED_OBJC_IMPLEMENTATIONS = YES;
				CLANG_WARN_DIRECT_OBJC_ISA_USAGE = YES_ERROR;
				CLANG_WARN_DOCUMENTATION_COMMENTS = YES;
				CLANG_WARN_EMPTY_BODY = YES;
				CLANG_WARN_ENUM_CONVERSION = YES;
				CLANG_WARN_INFINITE_RECURSION = YES;
				CLANG_WARN_INT_CONVERSION = YES;
				CLANG_WARN_NON_LITERAL_NULL_CONVERSION = YES;
				CLANG_WARN_OBJC_IMPLICIT_RETAIN_SELF = YES;
				CLANG_WARN_OBJC_LITERAL_CONVERSION = YES;
				CLANG_WARN_OBJC_ROOT_CLASS = YES_ERROR;
				CLANG_WARN_QUOTED_INCLUDE_IN_FRAMEWORK_HEADER = YES;
				CLANG_WARN_RANGE_LOOP_ANALYSIS = YES;
				CLANG_WARN_STRICT_PROTOTYPES = YES;
				CLANG_WARN_SUSPICIOUS_MOVE = YES;
				CLANG_WARN_UNGUARDED_AVAILABILITY = YES_AGGRESSIVE;
				CLANG_WARN_UNREACHABLE_CODE = YES;
				CLANG_WARN__DUPLICATE_METHOD_MATCH = YES;
				COPY_PHASE_STRIP = NO;
				DEBUG_INFORMATION_FORMAT = dwarf;
				ENABLE_STRICT_OBJC_MSGSEND = YES;
				ENABLE_TESTABILITY = YES;
				ENABLE_USER_SCRIPT_SANDBOXING = YES;
				GCC_C_LANGUAGE_STANDARD = gnu17;
				GCC_DYNAMIC_NO_PIC = NO;
				GCC_NO_COMMON_BLOCKS = YES;
				GCC_OPTIMIZATION_LEVEL = 0;
				GCC_PREPROCESSOR_DEFINITIONS = (
					"DEBUG=1",
					"$(inherited)",
				);
				GCC_WARN_64_TO_32_BIT_CONVERSION = YES;
				GCC_WARN_ABOUT_RETURN_TYPE = YES_ERROR;
				GCC_WARN_UNDECLARED_SELECTOR = YES;
				GCC_WARN_UNINITIALIZED_AUTOS = YES_AGGRESSIVE;
				GCC_WARN_UNUSED_FUNCTION = YES;
				GCC_WARN_UNUSED_VARIABLE = YES;
				IPHONEOS_DEPLOYMENT_TARGET = 17.2;
				LOCALIZATION_PREFERS_STRING_CATALOGS = YES;
				MTL_ENABLE_DEBUG_INFO = INCLUDE_SOURCE;
				MTL_FAST_MATH = YES;
				ONLY_ACTIVE_ARCH = YES;
				SDKROOT = iphoneos;
				SWIFT_ACTIVE_COMPILATION_CONDITIONS = "DEBUG $(inherited)";
				SWIFT_OPTIMIZATION_LEVEL = "-Onone";
			};
			name = Debug;
		};
		BC96ACAA2BF4E76C003C65C8 /* Release */ = {
			isa = XCBuildConfiguration;
			buildSettings = {
				ALWAYS_SEARCH_USER_PATHS = NO;
				ASSETCATALOG_COMPILER_GENERATE_SWIFT_ASSET_SYMBOL_EXTENSIONS = YES;
				CLANG_ANALYZER_NONNULL = YES;
				CLANG_ANALYZER_NUMBER_OBJECT_CONVERSION = YES_AGGRESSIVE;
				CLANG_CXX_LANGUAGE_STANDARD = "gnu++20";
				CLANG_ENABLE_MODULES = YES;
				CLANG_ENABLE_OBJC_ARC = YES;
				CLANG_ENABLE_OBJC_WEAK = YES;
				CLANG_WARN_BLOCK_CAPTURE_AUTORELEASING = YES;
				CLANG_WARN_BOOL_CONVERSION = YES;
				CLANG_WARN_COMMA = YES;
				CLANG_WARN_CONSTANT_CONVERSION = YES;
				CLANG_WARN_DEPRECATED_OBJC_IMPLEMENTATIONS = YES;
				CLANG_WARN_DIRECT_OBJC_ISA_USAGE = YES_ERROR;
				CLANG_WARN_DOCUMENTATION_COMMENTS = YES;
				CLANG_WARN_EMPTY_BODY = YES;
				CLANG_WARN_ENUM_CONVERSION = YES;
				CLANG_WARN_INFINITE_RECURSION = YES;
				CLANG_WARN_INT_CONVERSION = YES;
				CLANG_WARN_NON_LITERAL_NULL_CONVERSION = YES;
				CLANG_WARN_OBJC_IMPLICIT_RETAIN_SELF = YES;
				CLANG_WARN_OBJC_LITERAL_CONVERSION = YES;
				CLANG_WARN_OBJC_ROOT_CLASS = YES_ERROR;
				CLANG_WARN_QUOTED_INCLUDE_IN_FRAMEWORK_HEADER = YES;
				CLANG_WARN_RANGE_LOOP_ANALYSIS = YES;
				CLANG_WARN_STRICT_PROTOTYPES = YES;
				CLANG_WARN_SUSPICIOUS_MOVE = YES;
				CLANG_WARN_UNGUARDED_AVAILABILITY = YES_AGGRESSIVE;
				CLANG_WARN_UNREACHABLE_CODE = YES;
				CLANG_WARN__DUPLICATE_METHOD_MATCH = YES;
				COPY_PHASE_STRIP = NO;
				DEBUG_INFORMATION_FORMAT = "dwarf-with-dsym";
				ENABLE_NS_ASSERTIONS = NO;
				ENABLE_STRICT_OBJC_MSGSEND = YES;
				ENABLE_USER_SCRIPT_SANDBOXING = YES;
				GCC_C_LANGUAGE_STANDARD = gnu17;
				GCC_NO_COMMON_BLOCKS = YES;
				GCC_WARN_64_TO_32_BIT_CONVERSION = YES;
				GCC_WARN_ABOUT_RETURN_TYPE = YES_ERROR;
				GCC_WARN_UNDECLARED_SELECTOR = YES;
				GCC_WARN_UNINITIALIZED_AUTOS = YES_AGGRESSIVE;
				GCC_WARN_UNUSED_FUNCTION = YES;
				GCC_WARN_UNUSED_VARIABLE = YES;
				IPHONEOS_DEPLOYMENT_TARGET = 17.2;
				LOCALIZATION_PREFERS_STRING_CATALOGS = YES;
				MTL_ENABLE_DEBUG_INFO = NO;
				MTL_FAST_MATH = YES;
				SDKROOT = iphoneos;
				SWIFT_COMPILATION_MODE = wholemodule;
				VALIDATE_PRODUCT = YES;
			};
			name = Release;
		};
		BC96ACAC2BF4E76C003C65C8 /* Debug */ = {
			isa = XCBuildConfiguration;
			buildSettings = {
				ASSETCATALOG_COMPILER_APPICON_NAME = AppIcon;
				ASSETCATALOG_COMPILER_GLOBAL_ACCENT_COLOR_NAME = AccentColor;
				CODE_SIGN_STYLE = Automatic;
				CURRENT_PROJECT_VERSION = 1;
				DEVELOPMENT_ASSET_PATHS = "\"SwiftConcurrencyTutorial/Preview Content\"";
				DEVELOPMENT_TEAM = 2PWGJZG35F;
				ENABLE_PREVIEWS = YES;
				GENERATE_INFOPLIST_FILE = YES;
				INFOPLIST_KEY_UIApplicationSceneManifest_Generation = YES;
				INFOPLIST_KEY_UIApplicationSupportsIndirectInputEvents = YES;
				INFOPLIST_KEY_UILaunchScreen_Generation = YES;
				INFOPLIST_KEY_UISupportedInterfaceOrientations_iPad = "UIInterfaceOrientationPortrait UIInterfaceOrientationPortraitUpsideDown UIInterfaceOrientationLandscapeLeft UIInterfaceOrientationLandscapeRight";
				INFOPLIST_KEY_UISupportedInterfaceOrientations_iPhone = "UIInterfaceOrientationPortrait UIInterfaceOrientationLandscapeLeft UIInterfaceOrientationLandscapeRight";
				LD_RUNPATH_SEARCH_PATHS = (
					"$(inherited)",
					"@executable_path/Frameworks",
				);
				MARKETING_VERSION = 1.0;
				PRODUCT_BUNDLE_IDENTIFIER = app.enes.SwiftConcurrencyTutorial;
				PRODUCT_NAME = "$(TARGET_NAME)";
				SWIFT_EMIT_LOC_STRINGS = YES;
				SWIFT_VERSION = 5.0;
				TARGETED_DEVICE_FAMILY = "1,2";
			};
			name = Debug;
		};
		BC96ACAD2BF4E76C003C65C8 /* Release */ = {
			isa = XCBuildConfiguration;
			buildSettings = {
				ASSETCATALOG_COMPILER_APPICON_NAME = AppIcon;
				ASSETCATALOG_COMPILER_GLOBAL_ACCENT_COLOR_NAME = AccentColor;
				CODE_SIGN_STYLE = Automatic;
				CURRENT_PROJECT_VERSION = 1;
				DEVELOPMENT_ASSET_PATHS = "\"SwiftConcurrencyTutorial/Preview Content\"";
				DEVELOPMENT_TEAM = 2PWGJZG35F;
				ENABLE_PREVIEWS = YES;
				GENERATE_INFOPLIST_FILE = YES;
				INFOPLIST_KEY_UIApplicationSceneManifest_Generation = YES;
				INFOPLIST_KEY_UIApplicationSupportsIndirectInputEvents = YES;
				INFOPLIST_KEY_UILaunchScreen_Generation = YES;
				INFOPLIST_KEY_UISupportedInterfaceOrientations_iPad = "UIInterfaceOrientationPortrait UIInterfaceOrientationPortraitUpsideDown UIInterfaceOrientationLandscapeLeft UIInterfaceOrientationLandscapeRight";
				INFOPLIST_KEY_UISupportedInterfaceOrientations_iPhone = "UIInterfaceOrientationPortrait UIInterfaceOrientationLandscapeLeft UIInterfaceOrientationLandscapeRight";
				LD_RUNPATH_SEARCH_PATHS = (
					"$(inherited)",
					"@executable_path/Frameworks",
				);
				MARKETING_VERSION = 1.0;
				PRODUCT_BUNDLE_IDENTIFIER = app.enes.SwiftConcurrencyTutorial;
				PRODUCT_NAME = "$(TARGET_NAME)";
				SWIFT_EMIT_LOC_STRINGS = YES;
				SWIFT_VERSION = 5.0;
				TARGETED_DEVICE_FAMILY = "1,2";
			};
			name = Release;
		};
/* End XCBuildConfiguration section */

/* Begin XCConfigurationList section */
		BC96AC982BF4E76B003C65C8 /* Build configuration list for PBXProject "SwiftConcurrencyTutorial" */ = {
			isa = XCConfigurationList;
			buildConfigurations = (
				BC96ACA92BF4E76C003C65C8 /* Debug */,
				BC96ACAA2BF4E76C003C65C8 /* Release */,
			);
			defaultConfigurationIsVisible = 0;
			defaultConfigurationName = Release;
		};
		BC96ACAB2BF4E76C003C65C8 /* Build configuration list for PBXNativeTarget "SwiftConcurrencyTutorial" */ = {
			isa = XCConfigurationList;
			buildConfigurations = (
				BC96ACAC2BF4E76C003C65C8 /* Debug */,
				BC96ACAD2BF4E76C003C65C8 /* Release */,
			);
			defaultConfigurationIsVisible = 0;
			defaultConfigurationName = Release;
		};
/* End XCConfigurationList section */
	};
	rootObject = BC96AC952BF4E76B003C65C8 /* Project object */;
}
